// !$*UTF8*$!
{
	archiveVersion = 1;
	classes = {
	};
	objectVersion = 46;
	objects = {

/* Begin PBXBuildFile section */
		841D96EB1C76EEE1003AA84F /* main.m in Sources */ = {isa = PBXBuildFile; fileRef = 841D96EA1C76EEE1003AA84F /* main.m */; };
		841D96EE1C76EEE1003AA84F /* AppDelegate.m in Sources */ = {isa = PBXBuildFile; fileRef = 841D96ED1C76EEE1003AA84F /* AppDelegate.m */; };
		841D96F11C76EEE1003AA84F /* ViewController.m in Sources */ = {isa = PBXBuildFile; fileRef = 841D96F01C76EEE1003AA84F /* ViewController.m */; };
		841D96F41C76EEE1003AA84F /* Main.storyboard in Resources */ = {isa = PBXBuildFile; fileRef = 841D96F21C76EEE1003AA84F /* Main.storyboard */; };
		841D96F61C76EEE1003AA84F /* Images.xcassets in Resources */ = {isa = PBXBuildFile; fileRef = 841D96F51C76EEE1003AA84F /* Images.xcassets */; };
		841D96F91C76EEE1003AA84F /* LaunchScreen.xib in Resources */ = {isa = PBXBuildFile; fileRef = 841D96F71C76EEE1003AA84F /* LaunchScreen.xib */; };
		841D97051C76EEE1003AA84F /* fengTests.m in Sources */ = {isa = PBXBuildFile; fileRef = 841D97041C76EEE1003AA84F /* fengTests.m */; };
/* End PBXBuildFile section */

/* Begin PBXContainerItemProxy section */
		841D96FF1C76EEE1003AA84F /* PBXContainerItemProxy */ = {
			isa = PBXContainerItemProxy;
			containerPortal = 841D96DD1C76EEE1003AA84F /* Project object */;
			proxyType = 1;
			remoteGlobalIDString = 841D96E41C76EEE1003AA84F;
			remoteInfo = feng;
		};
/* End PBXContainerItemProxy section */

/* Begin PBXFileReference section */
		841D96E51C76EEE1003AA84F /* feng.app */ = {isa = PBXFileReference; explicitFileType = wrapper.application; includeInIndex = 0; path = feng.app; sourceTree = BUILT_PRODUCTS_DIR; };
		841D96E91C76EEE1003AA84F /* Info.plist */ = {isa = PBXFileReference; lastKnownFileType = text.plist.xml; path = Info.plist; sourceTree = "<group>"; };
		841D96EA1C76EEE1003AA84F /* main.m */ = {isa = PBXFileReference; lastKnownFileType = sourcecode.c.objc; path = main.m; sourceTree = "<group>"; };
		841D96EC1C76EEE1003AA84F /* AppDelegate.h */ = {isa = PBXFileReference; lastKnownFileType = sourcecode.c.h; path = AppDelegate.h; sourceTree = "<group>"; };
		841D96ED1C76EEE1003AA84F /* AppDelegate.m */ = {isa = PBXFileReference; lastKnownFileType = sourcecode.c.objc; path = AppDelegate.m; sourceTree = "<group>"; };
		841D96EF1C76EEE1003AA84F /* ViewController.h */ = {isa = PBXFileReference; lastKnownFileType = sourcecode.c.h; path = ViewController.h; sourceTree = "<group>"; };
		841D96F01C76EEE1003AA84F /* ViewController.m */ = {isa = PBXFileReference; lastKnownFileType = sourcecode.c.objc; path = ViewController.m; sourceTree = "<group>"; };
		841D96F31C76EEE1003AA84F /* Base */ = {isa = PBXFileReference; lastKnownFileType = file.storyboard; name = Base; path = Base.lproj/Main.storyboard; sourceTree = "<group>"; };
		841D96F51C76EEE1003AA84F /* Images.xcassets */ = {isa = PBXFileReference; lastKnownFileType = folder.assetcatalog; path = Images.xcassets; sourceTree = "<group>"; };
		841D96F81C76EEE1003AA84F /* Base */ = {isa = PBXFileReference; lastKnownFileType = file.xib; name = Base; path = Base.lproj/LaunchScreen.xib; sourceTree = "<group>"; };
		841D96FE1C76EEE1003AA84F /* fengTests.xctest */ = {isa = PBXFileReference; explicitFileType = wrapper.cfbundle; includeInIndex = 0; path = fengTests.xctest; sourceTree = BUILT_PRODUCTS_DIR; };
		841D97031C76EEE1003AA84F /* Info.plist */ = {isa = PBXFileReference; lastKnownFileType = text.plist.xml; path = Info.plist; sourceTree = "<group>"; };
		841D97041C76EEE1003AA84F /* fengTests.m */ = {isa = PBXFileReference; lastKnownFileType = sourcecode.c.objc; path = fengTests.m; sourceTree = "<group>"; };
/* End PBXFileReference section */

/* Begin PBXFrameworksBuildPhase section */
		841D96E21C76EEE1003AA84F /* Frameworks */ = {
			isa = PBXFrameworksBuildPhase;
			buildActionMask = 2147483647;
			files = (
			);
			runOnlyForDeploymentPostprocessing = 0;
		};
		841D96FB1C76EEE1003AA84F /* Frameworks */ = {
			isa = PBXFrameworksBuildPhase;
			buildActionMask = 2147483647;
			files = (
			);
			runOnlyForDeploymentPostprocessing = 0;
		};
/* End PBXFrameworksBuildPhase section */

/* Begin PBXGroup section */
		841D96DC1C76EEE1003AA84F = {
			isa = PBXGroup;
			children = (
				841D96E71C76EEE1003AA84F /* feng */,
				841D97011C76EEE1003AA84F /* fengTests */,
				841D96E61C76EEE1003AA84F /* Products */,
			);
			sourceTree = "<group>";
		};
		841D96E61C76EEE1003AA84F /* Products */ = {
			isa = PBXGroup;
			children = (
				841D96E51C76EEE1003AA84F /* feng.app */,
				841D96FE1C76EEE1003AA84F /* fengTests.xctest */,
			);
			name = Products;
			sourceTree = "<group>";
		};
		841D96E71C76EEE1003AA84F /* feng */ = {
			isa = PBXGroup;
			children = (
				841D96EC1C76EEE1003AA84F /* AppDelegate.h */,
				841D96ED1C76EEE1003AA84F /* AppDelegate.m */,
				841D96EF1C76EEE1003AA84F /* ViewController.h */,
				841D96F01C76EEE1003AA84F /* ViewController.m */,
				841D96F21C76EEE1003AA84F /* Main.storyboard */,
				841D96F51C76EEE1003AA84F /* Images.xcassets */,
				841D96F71C76EEE1003AA84F /* LaunchScreen.xib */,
				841D96E81C76EEE1003AA84F /* Supporting Files */,
			);
			path = feng;
			sourceTree = "<group>";
		};
		841D96E81C76EEE1003AA84F /* Supporting Files */ = {
			isa = PBXGroup;
			children = (
				841D96E91C76EEE1003AA84F /* Info.plist */,
				841D96EA1C76EEE1003AA84F /* main.m */,
			);
			name = "Supporting Files";
			sourceTree = "<group>";
		};
		841D97011C76EEE1003AA84F /* fengTests */ = {
			isa = PBXGroup;
			children = (
				841D97041C76EEE1003AA84F /* fengTests.m */,
				841D97021C76EEE1003AA84F /* Supporting Files */,
			);
			path = fengTests;
			sourceTree = "<group>";
		};
		841D97021C76EEE1003AA84F /* Supporting Files */ = {
			isa = PBXGroup;
			children = (
				841D97031C76EEE1003AA84F /* Info.plist */,
			);
			name = "Supporting Files";
			sourceTree = "<group>";
		};
/* End PBXGroup section */

/* Begin PBXNativeTarget section */
		841D96E41C76EEE1003AA84F /* feng */ = {
			isa = PBXNativeTarget;
			buildConfigurationList = 841D97081C76EEE1003AA84F /* Build configuration list for PBXNativeTarget "feng" */;
			buildPhases = (
				841D96E11C76EEE1003AA84F /* Sources */,
				841D96E21C76EEE1003AA84F /* Frameworks */,
				841D96E31C76EEE1003AA84F /* Resources */,
			);
			buildRules = (
			);
			dependencies = (
			);
			name = feng;
			productName = feng;
			productReference = 841D96E51C76EEE1003AA84F /* feng.app */;
			productType = "com.apple.product-type.application";
		};
		841D96FD1C76EEE1003AA84F /* fengTests */ = {
			isa = PBXNativeTarget;
			buildConfigurationList = 841D970B1C76EEE1003AA84F /* Build configuration list for PBXNativeTarget "fengTests" */;
			buildPhases = (
				841D96FA1C76EEE1003AA84F /* Sources */,
				841D96FB1C76EEE1003AA84F /* Frameworks */,
				841D96FC1C76EEE1003AA84F /* Resources */,
			);
			buildRules = (
			);
			dependencies = (
				841D97001C76EEE1003AA84F /* PBXTargetDependency */,
			);
			name = fengTests;
			productName = fengTests;
			productReference = 841D96FE1C76EEE1003AA84F /* fengTests.xctest */;
			productType = "com.apple.product-type.bundle.unit-test";
		};
/* End PBXNativeTarget section */

/* Begin PBXProject section */
		841D96DD1C76EEE1003AA84F /* Project object */ = {
			isa = PBXProject;
			attributes = {
				LastUpgradeCheck = 0610;
				ORGANIZATIONNAME = Wind;
				TargetAttributes = {
					841D96E41C76EEE1003AA84F = {
						CreatedOnToolsVersion = 6.1.1;
					};
					841D96FD1C76EEE1003AA84F = {
						CreatedOnToolsVersion = 6.1.1;
						TestTargetID = 841D96E41C76EEE1003AA84F;
					};
				};
			};
			buildConfigurationList = 841D96E01C76EEE1003AA84F /* Build configuration list for PBXProject "feng" */;
			compatibilityVersion = "Xcode 3.2";
			developmentRegion = English;
			hasScannedForEncodings = 0;
			knownRegions = (
				en,
				Base,
			);
			mainGroup = 841D96DC1C76EEE1003AA84F;
			productRefGroup = 841D96E61C76EEE1003AA84F /* Products */;
			projectDirPath = "";
			projectRoot = "";
			targets = (
				841D96E41C76EEE1003AA84F /* feng */,
				841D96FD1C76EEE1003AA84F /* fengTests */,
			);
		};
/* End PBXProject section */

/* Begin PBXResourcesBuildPhase section */
		841D96E31C76EEE1003AA84F /* Resources */ = {
			isa = PBXResourcesBuildPhase;
			buildActionMask = 2147483647;
			files = (
				841D96F41C76EEE1003AA84F /* Main.storyboard in Resources */,
				841D96F91C76EEE1003AA84F /* LaunchScreen.xib in Resources */,
				841D96F61C76EEE1003AA84F /* Images.xcassets in Resources */,
			);
			runOnlyForDeploymentPostprocessing = 0;
		};
		841D96FC1C76EEE1003AA84F /* Resources */ = {
			isa = PBXResourcesBuildPhase;
			buildActionMask = 2147483647;
			files = (
			);
			runOnlyForDeploymentPostprocessing = 0;
		};
/* End PBXResourcesBuildPhase section */

/* Begin PBXSourcesBuildPhase section */
		841D96E11C76EEE1003AA84F /* Sources */ = {
			isa = PBXSourcesBuildPhase;
			buildActionMask = 2147483647;
			files = (
				841D96F11C76EEE1003AA84F /* ViewController.m in Sources */,
				841D96EE1C76EEE1003AA84F /* AppDelegate.m in Sources */,
				841D96EB1C76EEE1003AA84F /* main.m in Sources */,
			);
			runOnlyForDeploymentPostprocessing = 0;
		};
		841D96FA1C76EEE1003AA84F /* Sources */ = {
			isa = PBXSourcesBuildPhase;
			buildActionMask = 2147483647;
			files = (
				841D97051C76EEE1003AA84F /* fengTests.m in Sources */,
			);
			runOnlyForDeploymentPostprocessing = 0;
		};
/* End PBXSourcesBuildPhase section */

/* Begin PBXTargetDependency section */
		841D97001C76EEE1003AA84F /* PBXTargetDependency */ = {
			isa = PBXTargetDependency;
			target = 841D96E41C76EEE1003AA84F /* feng */;
			targetProxy = 841D96FF1C76EEE1003AA84F /* PBXContainerItemProxy */;
		};
/* End PBXTargetDependency section */

/* Begin PBXVariantGroup section */
		841D96F21C76EEE1003AA84F /* Main.storyboard */ = {
			isa = PBXVariantGroup;
			children = (
				841D96F31C76EEE1003AA84F /* Base */,
			);
			name = Main.storyboard;
			sourceTree = "<group>";
		};
		841D96F71C76EEE1003AA84F /* LaunchScreen.xib */ = {
			isa = PBXVariantGroup;
			children = (
				841D96F81C76EEE1003AA84F /* Base */,
			);
			name = LaunchScreen.xib;
			sourceTree = "<group>";
		};
/* End PBXVariantGroup section */

/* Begin XCBuildConfiguration section */
		841D97061C76EEE1003AA84F /* Debug */ = {
			isa = XCBuildConfiguration;
			buildSettings = {
				ALWAYS_SEARCH_USER_PATHS = NO;
				CLANG_CXX_LANGUAGE_STANDARD = "gnu++0x";
				CLANG_CXX_LIBRARY = "libc++";
				CLANG_ENABLE_MODULES = YES;
				CLANG_ENABLE_OBJC_ARC = YES;
				CLANG_WARN_BOOL_CONVERSION = YES;
				CLANG_WARN_CONSTANT_CONVERSION = YES;
				CLANG_WARN_DIRECT_OBJC_ISA_USAGE = YES_ERROR;
				CLANG_WARN_EMPTY_BODY = YES;
				CLANG_WARN_ENUM_CONVERSION = YES;
				CLANG_WARN_INT_CONVERSION = YES;
				CLANG_WARN_OBJC_ROOT_CLASS = YES_ERROR;
				CLANG_WARN_UNREACHABLE_CODE = YES;
				CLANG_WARN__DUPLICATE_METHOD_MATCH = YES;
				"CODE_SIGN_IDENTITY[sdk=iphoneos*]" = "iPhone Developer";
				COPY_PHASE_STRIP = NO;
				ENABLE_STRICT_OBJC_MSGSEND = YES;
				GCC_C_LANGUAGE_STANDARD = gnu99;
				GCC_DYNAMIC_NO_PIC = NO;
				GCC_OPTIMIZATION_LEVEL = 0;
				GCC_PREPROCESSOR_DEFINITIONS = (
					"DEBUG=1",
					"$(inherited)",
				);
				GCC_SYMBOLS_PRIVATE_EXTERN = NO;
				GCC_WARN_64_TO_32_BIT_CONVERSION = YES;
				GCC_WARN_ABOUT_RETURN_TYPE = YES_ERROR;
				GCC_WARN_UNDECLARED_SELECTOR = YES;
				GCC_WARN_UNINITIALIZED_AUTOS = YES_AGGRESSIVE;
				GCC_WARN_UNUSED_FUNCTION = YES;
				GCC_WARN_UNUSED_VARIABLE = YES;
				IPHONEOS_DEPLOYMENT_TARGET = 8.1;
				MTL_ENABLE_DEBUG_INFO = YES;
				ONLY_ACTIVE_ARCH = YES;
				SDKROOT = iphoneos;
			};
			name = Debug;
		};
		841D97071C76EEE1003AA84F /* Release */ = {
			isa = XCBuildConfiguration;
			buildSettings = {
				ALWAYS_SEARCH_USER_PATHS = NO;
				CLANG_CXX_LANGUAGE_STANDARD = "gnu++0x";
				CLANG_CXX_LIBRARY = "libc++";
				CLANG_ENABLE_MODULES = YES;
				CLANG_ENABLE_OBJC_ARC = YES;
				CLANG_WARN_BOOL_CONVERSION = YES;
				CLANG_WARN_CONSTANT_CONVERSION = YES;
				CLANG_WARN_DIRECT_OBJC_ISA_USAGE = YES_ERROR;
				CLANG_WARN_EMPTY_BODY = YES;
				CLANG_WARN_ENUM_CONVERSION = YES;
				CLANG_WARN_INT_CONVERSION = YES;
				CLANG_WARN_OBJC_ROOT_CLASS = YES_ERROR;
				CLANG_WARN_UNREACHABLE_CODE = YES;
				CLANG_WARN__DUPLICATE_METHOD_MATCH = YES;
				"CODE_SIGN_IDENTITY[sdk=iphoneos*]" = "iPhone Developer";
				COPY_PHASE_STRIP = YES;
				ENABLE_NS_ASSERTIONS = NO;
				ENABLE_STRICT_OBJC_MSGSEND = YES;
				GCC_C_LANGUAGE_STANDARD = gnu99;
				GCC_WARN_64_TO_32_BIT_CONVERSION = YES;
				GCC_WARN_ABOUT_RETURN_TYPE = YES_ERROR;
				GCC_WARN_UNDECLARED_SELECTOR = YES;
				GCC_WARN_UNINITIALIZED_AUTOS = YES_AGGRESSIVE;
				GCC_WARN_UNUSED_FUNCTION = YES;
				GCC_WARN_UNUSED_VARIABLE = YES;
				IPHONEOS_DEPLOYMENT_TARGET = 8.1;
				MTL_ENABLE_DEBUG_INFO = NO;
				SDKROOT = iphoneos;
				VALIDATE_PRODUCT = YES;
			};
			name = Release;
		};
		841D97091C76EEE1003AA84F /* Debug */ = {
			isa = XCBuildConfiguration;
			buildSettings = {
				ASSETCATALOG_COMPILER_APPICON_NAME = AppIcon;
				INFOPLIST_FILE = feng/Info.plist;
				LD_RUNPATH_SEARCH_PATHS = "$(inherited) @executable_path/Frameworks";
				PRODUCT_NAME = "$(TARGET_NAME)";
			};
			name = Debug;
		};
		841D970A1C76EEE1003AA84F /* Release */ = {
			isa = XCBuildConfiguration;
			buildSettings = {
				ASSETCATALOG_COMPILER_APPICON_NAME = AppIcon;
				INFOPLIST_FILE = feng/Info.plist;
				LD_RUNPATH_SEARCH_PATHS = "$(inherited) @executable_path/Frameworks";
				PRODUCT_NAME = "$(TARGET_NAME)";
			};
			name = Release;
		};
		841D970C1C76EEE1003AA84F /* Debug */ = {
			isa = XCBuildConfiguration;
			buildSettings = {
				BUNDLE_LOADER = "$(TEST_HOST)";
				FRAMEWORK_SEARCH_PATHS = (
					"$(SDKROOT)/Developer/Library/Frameworks",
					"$(inherited)",
				);
				GCC_PREPROCESSOR_DEFINITIONS = (
					"DEBUG=1",
					"$(inherited)",
				);
				INFOPLIST_FILE = fengTests/Info.plist;
				LD_RUNPATH_SEARCH_PATHS = "$(inherited) @executable_path/Frameworks @loader_path/Frameworks";
				PRODUCT_NAME = "$(TARGET_NAME)";
				TEST_HOST = "$(BUILT_PRODUCTS_DIR)/feng.app/feng";
			};
			name = Debug;
		};
		841D970D1C76EEE1003AA84F /* Release */ = {
			isa = XCBuildConfiguration;
			buildSettings = {
				BUNDLE_LOADER = "$(TEST_HOST)";
				FRAMEWORK_SEARCH_PATHS = (
					"$(SDKROOT)/Developer/Library/Frameworks",
					"$(inherited)",
				);
				INFOPLIST_FILE = fengTests/Info.plist;
				LD_RUNPATH_SEARCH_PATHS = "$(inherited) @executable_path/Frameworks @loader_path/Frameworks";
				PRODUCT_NAME = "$(TARGET_NAME)";
				TEST_HOST = "$(BUILT_PRODUCTS_DIR)/feng.app/feng";
			};
			name = Release;
		};
/* End XCBuildConfiguration section */

/* Begin XCConfigurationList section */
		841D96E01C76EEE1003AA84F /* Build configuration list for PBXProject "feng" */ = {
			isa = XCConfigurationList;
			buildConfigurations = (
				841D97061C76EEE1003AA84F /* Debug */,
				841D97071C76EEE1003AA84F /* Release */,
			);
			defaultConfigurationIsVisible = 0;
			defaultConfigurationName = Release;
		};
		841D97081C76EEE1003AA84F /* Build configuration list for PBXNativeTarget "feng" */ = {
			isa = XCConfigurationList;
			buildConfigurations = (
				841D97091C76EEE1003AA84F /* Debug */,
				841D970A1C76EEE1003AA84F /* Release */,
			);
			defaultConfigurationIsVisible = 0;
		};
		841D970B1C76EEE1003AA84F /* Build configuration list for PBXNativeTarget "fengTests" */ = {
			isa = XCConfigurationList;
			buildConfigurations = (
				841D970C1C76EEE1003AA84F /* Debug */,
				841D970D1C76EEE1003AA84F /* Release */,
			);
			defaultConfigurationIsVisible = 0;
		};
/* End XCConfigurationList section */
	};
	rootObject = 841D96DD1C76EEE1003AA84F /* Project object */;
}
